{
  "nodes": {
    "base16": {
      "inputs": {
        "fromYaml": "fromYaml"
      },
      "locked": {
        "lastModified": 1755819240,
        "narHash": "sha256-qcMhnL7aGAuFuutH4rq9fvAhCpJWVHLcHVZLtPctPlo=",
        "owner": "SenchoPens",
        "repo": "base16.nix",
        "rev": "75ed5e5e3fce37df22e49125181fa37899c3ccd6",
        "type": "github"
      },
      "original": {
        "owner": "SenchoPens",
        "repo": "base16.nix",
        "type": "github"
      }
    },
    "base16-fish": {
      "flake": false,
      "locked": {
        "lastModified": 1754405784,
        "narHash": "sha256-l9xHIy+85FN+bEo6yquq2IjD1rSg9fjfjpyGP1W8YXo=",
        "owner": "tomyun",
        "repo": "base16-fish",
        "rev": "23ae20a0093dca0d7b39d76ba2401af0ccf9c561",
        "type": "github"
      },
      "original": {
        "owner": "tomyun",
        "repo": "base16-fish",
        "rev": "23ae20a0093dca0d7b39d76ba2401af0ccf9c561",
        "type": "github"
      }
    },
    "base16-helix": {
      "flake": false,
      "locked": {
        "lastModified": 1760703920,
        "narHash": "sha256-m82fGUYns4uHd+ZTdoLX2vlHikzwzdu2s2rYM2bNwzw=",
        "owner": "tinted-theming",
        "repo": "base16-helix",
        "rev": "d646af9b7d14bff08824538164af99d0c521b185",
        "type": "github"
      },
      "original": {
        "owner": "tinted-theming",
        "repo": "base16-helix",
        "type": "github"
      }
    },
    "base16-vim": {
      "flake": false,
      "locked": {
        "lastModified": 1732806396,
        "narHash": "sha256-e0bpPySdJf0F68Ndanwm+KWHgQiZ0s7liLhvJSWDNsA=",
        "owner": "tinted-theming",
        "repo": "base16-vim",
        "rev": "577fe8125d74ff456cf942c733a85d769afe58b7",
        "type": "github"
      },
      "original": {
        "owner": "tinted-theming",
        "repo": "base16-vim",
        "rev": "577fe8125d74ff456cf942c733a85d769afe58b7",
        "type": "github"
      }
    },
    "clan-core": {
      "inputs": {
        "data-mesher": "data-mesher",
        "disko": "disko",
        "flake-parts": "flake-parts",
        "nix-darwin": "nix-darwin",
        "nix-select": "nix-select",
        "nixos-facter-modules": "nixos-facter-modules",
        "nixpkgs": [
          "nixpkgs"
        ],
        "sops-nix": "sops-nix",
        "systems": "systems",
        "treefmt-nix": "treefmt-nix"
      },
      "locked": {
        "lastModified": 1764601856,
        "narHash": "sha256-AWohz0cJ5J1keDnUkuWeX2QbWDa62yGSSeMNfdstx10=",
        "rev": "a61aac8bf2c97cf142b70d344a7174811c62b1a4",
        "type": "tarball",
        "url": "https://git.clan.lol/api/v1/repos/clan/clan-core/archive/a61aac8bf2c97cf142b70d344a7174811c62b1a4.tar.gz"
      },
      "original": {
        "type": "tarball",
        "url": "https://git.clan.lol/clan/clan-core/archive/main.tar.gz"
      }
    },
    "data-mesher": {
      "inputs": {
        "flake-parts": [
          "clan-core",
          "flake-parts"
        ],
        "nixpkgs": [
          "clan-core",
          "nixpkgs"
        ],
        "treefmt-nix": [
          "clan-core",
          "treefmt-nix"
        ]
      },
      "locked": {
        "lastModified": 1762942435,
        "narHash": "sha256-zIWGs5FIytTtJN+dhDb8Yx+q4TQI/yczuL539yVcyPE=",
        "rev": "0ee328404b12c65e8106bde9e9fab8abf4ecada4",
        "type": "tarball",
        "url": "https://git.clan.lol/api/v1/repos/clan/data-mesher/archive/0ee328404b12c65e8106bde9e9fab8abf4ecada4.tar.gz"
      },
      "original": {
        "type": "tarball",
        "url": "https://git.clan.lol/clan/data-mesher/archive/main.tar.gz"
      }
    },
    "disko": {
      "inputs": {
        "nixpkgs": [
          "clan-core",
          "nixpkgs"
        ]
      },
      "locked": {
        "lastModified": 1764350888,
        "narHash": "sha256-6Rp18zavTlnlZzcoLoBTJMBahL2FycVkw2rAEs3cQvo=",
        "owner": "nix-community",
        "repo": "disko",
        "rev": "2055a08fd0e2fd41318279a5355eb8a161accf26",
        "type": "github"
      },
      "original": {
        "owner": "nix-community",
        "repo": "disko",
        "type": "github"
      }
    },
    "erosanix": {
      "inputs": {
        "flake-compat": "flake-compat",
        "nixpkgs": "nixpkgs"
      },
      "locked": {
        "lastModified": 1764542190,
        "narHash": "sha256-einnpQaGZ4OoinhfKWm8mfatrBeYNnc3K4TYoKmVOSw=",
        "owner": "emmanuelrosa",
        "repo": "erosanix",
        "rev": "eef0ab9b05d3d27f320226daaffb18d9dcc41c06",
        "type": "github"
      },
      "original": {
        "owner": "emmanuelrosa",
        "repo": "erosanix",
        "type": "github"
      }
    },
    "fenix": {
      "inputs": {
        "nixpkgs": [
          "nixpkgs"
        ],
        "rust-analyzer-src": "rust-analyzer-src"
      },
      "locked": {
        "lastModified": 1764571808,
        "narHash": "sha256-+oo9W5rz03TjfpNqDSLEQwgKiuBbjrHdORyTHli2RuM=",
        "owner": "nix-community",
        "repo": "fenix",
        "rev": "df3c2e78ec13418f85c1f26e77a50f865ec57d38",
        "type": "github"
      },
      "original": {
        "owner": "nix-community",
        "repo": "fenix",
        "type": "github"
      }
    },
    "firefox": {
      "inputs": {
        "flake-compat": "flake-compat_2",
        "lib-aggregate": "lib-aggregate",
        "nixpkgs": "nixpkgs_2"
      },
      "locked": {
        "lastModified": 1764592856,
        "narHash": "sha256-ODwJzh/AiFyhFtmJoAGP5Gbp38ARsUiesBVMXXd1x/s=",
        "owner": "nix-community",
        "repo": "flake-firefox-nightly",
        "rev": "5aadac137f2c49991cea2bc367dddbb905ffe645",
        "type": "github"
      },
      "original": {
        "owner": "nix-community",
        "repo": "flake-firefox-nightly",
        "type": "github"
      }
    },
    "firefox-gnome-theme": {
      "flake": false,
      "locked": {
        "lastModified": 1764724327,
        "narHash": "sha256-OkFLrD3pFR952TrjQi1+Vdj604KLcMnkpa7lkW7XskI=",
        "owner": "rafaelmardojai",
        "repo": "firefox-gnome-theme",
        "rev": "66b7c635763d8e6eb86bd766de5a1e1fbfcc1047",
        "type": "github"
      },
      "original": {
        "owner": "rafaelmardojai",
        "repo": "firefox-gnome-theme",
        "type": "github"
      }
    },
    "flake-compat": {
      "flake": false,
      "locked": {
        "lastModified": 1673956053,
        "narHash": "sha256-4gtG9iQuiKITOjNQQeQIpoIB6b16fm+504Ch3sNKLd8=",
        "owner": "edolstra",
        "repo": "flake-compat",
        "rev": "35bb57c0c8d8b62bbfd284272c928ceb64ddbde9",
        "type": "github"
      },
      "original": {
        "owner": "edolstra",
        "repo": "flake-compat",
        "type": "github"
      }
    },
    "flake-compat_2": {
      "locked": {
        "lastModified": 1761640442,
        "narHash": "sha256-AtrEP6Jmdvrqiv4x2xa5mrtaIp3OEe8uBYCDZDS+hu8=",
        "owner": "nix-community",
        "repo": "flake-compat",
        "rev": "4a56054d8ffc173222d09dad23adf4ba946c8884",
        "type": "github"
      },
      "original": {
        "owner": "nix-community",
        "repo": "flake-compat",
        "type": "github"
      }
    },
    "flake-compat_3": {
      "flake": false,
      "locked": {
        "lastModified": 1747046372,
        "narHash": "sha256-CIVLLkVgvHYbgI2UpXvIIBJ12HWgX+fjA8Xf8PUmqCY=",
        "owner": "edolstra",
        "repo": "flake-compat",
        "rev": "9100a0f413b0c601e0533d1d94ffd501ce2e7885",
        "type": "github"
      },
      "original": {
        "owner": "edolstra",
        "repo": "flake-compat",
        "type": "github"
      }
    },
    "flake-compat_4": {
      "flake": false,
      "locked": {
        "lastModified": 1751685974,
        "narHash": "sha256-NKw96t+BgHIYzHUjkTK95FqYRVKB8DHpVhefWSz/kTw=",
        "ref": "refs/heads/main",
        "rev": "549f2762aebeff29a2e5ece7a7dc0f955281a1d1",
        "revCount": 92,
        "type": "git",
        "url": "https://git.lix.systems/lix-project/flake-compat.git"
      },
      "original": {
        "type": "git",
        "url": "https://git.lix.systems/lix-project/flake-compat.git"
      }
    },
    "flake-compat_5": {
      "flake": false,
      "locked": {
        "lastModified": 1650374568,
        "narHash": "sha256-Z+s0J8/r907g149rllvwhb4pKi8Wam5ij0st8PwAh+E=",
        "owner": "edolstra",
        "repo": "flake-compat",
        "rev": "b4a34015c698c7793d592d66adbab377907a2be8",
        "type": "github"
      },
      "original": {
        "owner": "edolstra",
        "repo": "flake-compat",
        "type": "github"
      }
    },
    "flake-parts": {
      "inputs": {
        "nixpkgs-lib": [
          "clan-core",
          "nixpkgs"
        ]
      },
      "locked": {
        "lastModified": 1763759067,
        "narHash": "sha256-LlLt2Jo/gMNYAwOgdRQBrsRoOz7BPRkzvNaI/fzXi2Q=",
        "owner": "hercules-ci",
        "repo": "flake-parts",
        "rev": "2cccadc7357c0ba201788ae99c4dfa90728ef5e0",
        "type": "github"
      },
      "original": {
        "owner": "hercules-ci",
        "repo": "flake-parts",
        "type": "github"
      }
    },
    "flake-parts_2": {
      "inputs": {
        "nixpkgs-lib": [
          "mydia",
          "nixpkgs"
        ]
      },
      "locked": {
        "lastModified": 1763759067,
        "narHash": "sha256-LlLt2Jo/gMNYAwOgdRQBrsRoOz7BPRkzvNaI/fzXi2Q=",
        "owner": "hercules-ci",
        "repo": "flake-parts",
        "rev": "2cccadc7357c0ba201788ae99c4dfa90728ef5e0",
        "type": "github"
      },
      "original": {
        "owner": "hercules-ci",
        "repo": "flake-parts",
        "type": "github"
      }
    },
    "flake-parts_3": {
      "inputs": {
        "nixpkgs-lib": [
          "nvf",
          "nixpkgs"
        ]
      },
      "locked": {
        "lastModified": 1760948891,
        "narHash": "sha256-TmWcdiUUaWk8J4lpjzu4gCGxWY6/Ok7mOK4fIFfBuU4=",
        "owner": "hercules-ci",
        "repo": "flake-parts",
        "rev": "864599284fc7c0ba6357ed89ed5e2cd5040f0c04",
        "type": "github"
      },
      "original": {
        "owner": "hercules-ci",
        "repo": "flake-parts",
        "type": "github"
      }
    },
    "flake-parts_4": {
      "inputs": {
        "nixpkgs-lib": [
          "stylix",
          "nixpkgs"
        ]
      },
      "locked": {
        "lastModified": 1763759067,
        "narHash": "sha256-LlLt2Jo/gMNYAwOgdRQBrsRoOz7BPRkzvNaI/fzXi2Q=",
        "owner": "hercules-ci",
        "repo": "flake-parts",
        "rev": "2cccadc7357c0ba201788ae99c4dfa90728ef5e0",
        "type": "github"
      },
      "original": {
        "owner": "hercules-ci",
        "repo": "flake-parts",
        "type": "github"
      }
    },
    "flake-parts_5": {
      "inputs": {
        "nixpkgs-lib": [
          "terranix",
          "nixpkgs"
        ]
      },
      "locked": {
        "lastModified": 1736143030,
        "narHash": "sha256-+hu54pAoLDEZT9pjHlqL9DNzWz0NbUn8NEAHP7PQPzU=",
        "owner": "hercules-ci",
        "repo": "flake-parts",
        "rev": "b905f6fc23a9051a6e1b741e1438dbfc0634c6de",
        "type": "github"
      },
      "original": {
        "owner": "hercules-ci",
        "repo": "flake-parts",
        "type": "github"
      }
    },
    "flake-utils": {
      "inputs": {
        "systems": "systems_2"
      },
      "locked": {
        "lastModified": 1731533236,
        "narHash": "sha256-l0KFg5HjrsfsO/JpG+r7fRrqm12kzFHyUHqHCVpMMbI=",
        "owner": "numtide",
        "repo": "flake-utils",
        "rev": "11707dc2f618dd54ca8739b309ec4fc024de578b",
        "type": "github"
      },
      "original": {
        "owner": "numtide",
        "repo": "flake-utils",
        "type": "github"
      }
    },
    "flake-utils-plus": {
      "inputs": {
        "flake-utils": "flake-utils_4"
      },
      "locked": {
        "lastModified": 1715533576,
        "narHash": "sha256-fT4ppWeCJ0uR300EH3i7kmgRZnAVxrH+XtK09jQWihk=",
        "owner": "gytis-ivaskevicius",
        "repo": "flake-utils-plus",
        "rev": "3542fe9126dc492e53ddd252bb0260fe035f2c0f",
        "type": "github"
      },
      "original": {
        "owner": "gytis-ivaskevicius",
        "repo": "flake-utils-plus",
        "rev": "3542fe9126dc492e53ddd252bb0260fe035f2c0f",
        "type": "github"
      }
    },
    "flake-utils_2": {
      "inputs": {
        "systems": "systems_3"
      },
      "locked": {
        "lastModified": 1731533236,
        "narHash": "sha256-l0KFg5HjrsfsO/JpG+r7fRrqm12kzFHyUHqHCVpMMbI=",
        "owner": "numtide",
        "repo": "flake-utils",
        "rev": "11707dc2f618dd54ca8739b309ec4fc024de578b",
        "type": "github"
      },
      "original": {
        "owner": "numtide",
        "repo": "flake-utils",
        "type": "github"
      }
    },
    "flake-utils_3": {
      "inputs": {
        "systems": "systems_4"
      },
      "locked": {
        "lastModified": 1731533236,
        "narHash": "sha256-l0KFg5HjrsfsO/JpG+r7fRrqm12kzFHyUHqHCVpMMbI=",
        "owner": "numtide",
        "repo": "flake-utils",
        "rev": "11707dc2f618dd54ca8739b309ec4fc024de578b",
        "type": "github"
      },
      "original": {
        "owner": "numtide",
        "repo": "flake-utils",
        "type": "github"
      }
    },
    "flake-utils_4": {
      "inputs": {
        "systems": "systems_6"
      },
      "locked": {
        "lastModified": 1694529238,
        "narHash": "sha256-zsNZZGTGnMOf9YpHKJqMSsa0dXbfmxeoJ7xHlrt+xmY=",
        "owner": "numtide",
        "repo": "flake-utils",
        "rev": "ff7b65b44d01cf9ba6a71320833626af21126384",
        "type": "github"
      },
      "original": {
        "owner": "numtide",
        "repo": "flake-utils",
        "type": "github"
      }
    },
    "flux": {
      "inputs": {
        "nixpkgs": "nixpkgs_3"
      },
      "locked": {
        "lastModified": 1729388191,
        "narHash": "sha256-Ga5JJPgwfpqMFvk8g4un7ySwfTefGCsbUrCDsSnQyiU=",
        "owner": "IogaMaster",
        "repo": "flux",
        "rev": "400896b5c977e0569ea0f8bacb9b42509e0bbd00",
        "type": "github"
      },
      "original": {
        "owner": "IogaMaster",
        "repo": "flux",
        "type": "github"
      }
    },
    "fromYaml": {
      "flake": false,
      "locked": {
        "lastModified": 1731966426,
        "narHash": "sha256-lq95WydhbUTWig/JpqiB7oViTcHFP8Lv41IGtayokA8=",
        "owner": "SenchoPens",
        "repo": "fromYaml",
        "rev": "106af9e2f715e2d828df706c386a685698f3223b",
        "type": "github"
      },
      "original": {
        "owner": "SenchoPens",
        "repo": "fromYaml",
        "type": "github"
      }
    },
    "gnome-shell": {
      "flake": false,
      "locked": {
        "host": "gitlab.gnome.org",
        "lastModified": 1764524476,
        "narHash": "sha256-bTmNn3Q4tMQ0J/P0O5BfTQwqEnCiQIzOGef9/aqAZvk=",
        "owner": "GNOME",
        "repo": "gnome-shell",
        "rev": "c0e1ad9f0f703fd0519033b8f46c3267aab51a22",
        "type": "gitlab"
      },
      "original": {
        "host": "gitlab.gnome.org",
        "owner": "GNOME",
        "ref": "gnome-49",
        "repo": "gnome-shell",
        "type": "gitlab"
      }
    },
    "grub2-themes": {
      "inputs": {
        "nixpkgs": "nixpkgs_4"
      },
      "locked": {
        "lastModified": 1757136219,
        "narHash": "sha256-tKU+vq34KHu/A2wD7WdgP5A4/RCmSD8hB0TyQAUlixA=",
        "owner": "vinceliuice",
        "repo": "grub2-themes",
        "rev": "80dd04ddf3ba7b284a7b1a5df2b1e95ee2aad606",
        "type": "github"
      },
      "original": {
        "owner": "vinceliuice",
        "repo": "grub2-themes",
        "type": "github"
      }
    },
    "himmelblau": {
      "inputs": {
        "flake-utils": "flake-utils_2",
        "nixpkgs": [
          "nixpkgs"
        ],
        "rust-overlay": "rust-overlay"
      },
      "locked": {
<<<<<<< HEAD
        "lastModified": 1764617621,
        "narHash": "sha256-Eq0TvWs6xhKZs5HXH1hlrNasrHD7AOEdeLkTis//X7w=",
        "owner": "himmelblau-idm",
        "repo": "himmelblau",
        "rev": "c19494250d8c15e7c75e9301bdc271579a6dc77a",
=======
        "lastModified": 1764787446,
        "narHash": "sha256-RUfGGM8kiXSQA3ct1BZXN5Sm8hxr3XF0P/eR/WGLaGU=",
        "owner": "himmelblau-idm",
        "repo": "himmelblau",
        "rev": "8ab33affe6db4cf5e9c17c2abcd7f3b2cedcfbd8",
>>>>>>> ba1d4e1 (chore: update deps)
        "type": "github"
      },
      "original": {
        "owner": "himmelblau-idm",
        "repo": "himmelblau",
        "type": "github"
      }
    },
    "home-manager": {
      "inputs": {
        "nixpkgs": [
          "nixpkgs"
        ]
      },
      "locked": {
<<<<<<< HEAD
        "lastModified": 1764603455,
        "narHash": "sha256-Q70rxlbrxPcTtqWIb9+71rkJESxIOou5isZBvyOieXw=",
        "owner": "nix-community",
        "repo": "home-manager",
        "rev": "effe4c007d6243d9e69ce2242d76a2471c1b8d5c",
=======
        "lastModified": 1764839789,
        "narHash": "sha256-QCgaXEj8036JlfyVM2e5fgKIxoF7IgGRcAi8LkehKvo=",
        "owner": "nix-community",
        "repo": "home-manager",
        "rev": "d441981b200305ebb8e2e2921395f51d207fded6",
>>>>>>> ba1d4e1 (chore: update deps)
        "type": "github"
      },
      "original": {
        "owner": "nix-community",
        "repo": "home-manager",
        "type": "github"
      }
    },
    "home-manager_2": {
      "inputs": {
        "nixpkgs": [
          "zen-browser",
          "nixpkgs"
        ]
      },
      "locked": {
        "lastModified": 1762964643,
        "narHash": "sha256-RYHN8O/Aja59XDji6WSJZPkJpYVUfpSkyH+PEupBJqM=",
        "owner": "nix-community",
        "repo": "home-manager",
        "rev": "827f2a23373a774a8805f84ca5344654c31f354b",
        "type": "github"
      },
      "original": {
        "owner": "nix-community",
        "repo": "home-manager",
        "type": "github"
      }
    },
    "jovian": {
      "inputs": {
        "nix-github-actions": "nix-github-actions",
        "nixpkgs": [
          "nixpkgs"
        ]
      },
      "locked": {
<<<<<<< HEAD
        "lastModified": 1764612577,
        "narHash": "sha256-sHI+7m/ryVYf7agWkutYbvzUS07aAd8g2NVWgUqhxLg=",
        "owner": "Jovian-Experiments",
        "repo": "Jovian-NixOS",
        "rev": "bcb22e208cf8883004fcec3a33f2500e7dc319a5",
=======
        "lastModified": 1764746434,
        "narHash": "sha256-6ymFuw+Z1C90ezf8H0BP3c2JFZhJYwMq31px2StwWHU=",
        "owner": "Jovian-Experiments",
        "repo": "Jovian-NixOS",
        "rev": "b4c0b604148adacf119b89824ed26df8926ce42c",
>>>>>>> ba1d4e1 (chore: update deps)
        "type": "github"
      },
      "original": {
        "owner": "Jovian-Experiments",
        "repo": "Jovian-NixOS",
        "type": "github"
      }
    },
    "lib-aggregate": {
      "inputs": {
        "flake-utils": "flake-utils",
        "nixpkgs-lib": "nixpkgs-lib"
      },
      "locked": {
        "lastModified": 1764506612,
        "narHash": "sha256-47a2OvGsq1AfffWQqKAGlB9GjmoVa1yXVyfZP3f3kog=",
        "owner": "nix-community",
        "repo": "lib-aggregate",
        "rev": "f7208cc4a3200a2573fc566066ef4d3c041bc924",
        "type": "github"
      },
      "original": {
        "owner": "nix-community",
        "repo": "lib-aggregate",
        "type": "github"
      }
    },
    "mnw": {
      "locked": {
        "lastModified": 1758834834,
        "narHash": "sha256-Y7IvY4F8vajZyp3WGf+KaiIVwondEkMFkt92Cr9NZmg=",
        "owner": "Gerg-L",
        "repo": "mnw",
        "rev": "cfbc7d1cc832e318d0863a5fc91d940a96034001",
        "type": "github"
      },
      "original": {
        "owner": "Gerg-L",
        "repo": "mnw",
        "type": "github"
      }
    },
    "mydia": {
      "inputs": {
        "flake-parts": "flake-parts_2",
        "nixpkgs": "nixpkgs_5"
      },
      "locked": {
        "lastModified": 1764840646,
        "narHash": "sha256-ffhLaQWDm4iyf7j3uxmMXg5k7FRimaj8PXA4Jj9EpB0=",
        "owner": "chris-kruining",
        "repo": "mydia",
        "rev": "035fa63a276ed4dd9743fdf5ff50a651cabb9bcd",
        "type": "github"
      },
      "original": {
        "owner": "chris-kruining",
        "repo": "mydia",
        "type": "github"
      }
    },
    "nix-darwin": {
      "inputs": {
        "nixpkgs": [
          "clan-core",
          "nixpkgs"
        ]
      },
      "locked": {
        "lastModified": 1764161084,
        "narHash": "sha256-HN84sByg9FhJnojkGGDSrcjcbeioFWoNXfuyYfJ1kBE=",
        "owner": "nix-darwin",
        "repo": "nix-darwin",
        "rev": "e95de00a471d07435e0527ff4db092c84998698e",
        "type": "github"
      },
      "original": {
        "owner": "nix-darwin",
        "repo": "nix-darwin",
        "type": "github"
      }
    },
    "nix-github-actions": {
      "inputs": {
        "nixpkgs": [
          "jovian",
          "nixpkgs"
        ]
      },
      "locked": {
        "lastModified": 1729697500,
        "narHash": "sha256-VFTWrbzDlZyFHHb1AlKRiD/qqCJIripXKiCSFS8fAOY=",
        "owner": "zhaofengli",
        "repo": "nix-github-actions",
        "rev": "e418aeb728b6aa5ca8c5c71974e7159c2df1d8cf",
        "type": "github"
      },
      "original": {
        "owner": "zhaofengli",
        "ref": "matrix-name",
        "repo": "nix-github-actions",
        "type": "github"
      }
    },
    "nix-minecraft": {
      "inputs": {
        "flake-compat": "flake-compat_3",
        "flake-utils": "flake-utils_3",
        "nixpkgs": "nixpkgs_6"
      },
      "locked": {
<<<<<<< HEAD
        "lastModified": 1764556167,
        "narHash": "sha256-/b+oEls56HDRzsSp60tsRfPFRjFebBPHq6k1I+hfPqw=",
        "owner": "Infinidoge",
        "repo": "nix-minecraft",
        "rev": "849d1b2b1adddfc7bddbd3be6bffd218a3f5a6fe",
=======
        "lastModified": 1764813963,
        "narHash": "sha256-Vs7Mamto+T8r1evk9myHepgHGNJkS2Kr0BF64NIei94=",
        "owner": "Infinidoge",
        "repo": "nix-minecraft",
        "rev": "491200d6848402bbab1421cccbc15a46f08c7f78",
>>>>>>> ba1d4e1 (chore: update deps)
        "type": "github"
      },
      "original": {
        "owner": "Infinidoge",
        "repo": "nix-minecraft",
        "type": "github"
      }
    },
    "nix-select": {
      "locked": {
        "lastModified": 1763303120,
        "narHash": "sha256-yxcNOha7Cfv2nhVpz9ZXSNKk0R7wt4AiBklJ8D24rVg=",
        "rev": "3d1e3860bef36857a01a2ddecba7cdb0a14c35a9",
        "type": "tarball",
        "url": "https://git.clan.lol/api/v1/repos/clan/nix-select/archive/3d1e3860bef36857a01a2ddecba7cdb0a14c35a9.tar.gz"
      },
      "original": {
        "type": "tarball",
        "url": "https://git.clan.lol/clan/nix-select/archive/main.tar.gz"
      }
    },
    "nixlib": {
      "locked": {
        "lastModified": 1736643958,
        "narHash": "sha256-tmpqTSWVRJVhpvfSN9KXBvKEXplrwKnSZNAoNPf/S/s=",
        "owner": "nix-community",
        "repo": "nixpkgs.lib",
        "rev": "1418bc28a52126761c02dd3d89b2d8ca0f521181",
        "type": "github"
      },
      "original": {
        "owner": "nix-community",
        "repo": "nixpkgs.lib",
        "type": "github"
      }
    },
    "nixos-boot": {
      "locked": {
        "lastModified": 1722927293,
        "narHash": "sha256-8oCsiFyAuidAdhSz60Lu8+TwCPHxaeWixyv0xT0mLt4=",
        "owner": "Melkor333",
        "repo": "nixos-boot",
        "rev": "afaed735149d0a06f234e54dd2d9db2e18dc64ae",
        "type": "github"
      },
      "original": {
        "owner": "Melkor333",
        "repo": "nixos-boot",
        "type": "github"
      }
    },
    "nixos-facter-modules": {
      "locked": {
        "lastModified": 1764252389,
        "narHash": "sha256-3bbuneTKZBkYXlm0bE36kUjiDsasoIC1GWBw/UEJ9T4=",
        "owner": "nix-community",
        "repo": "nixos-facter-modules",
        "rev": "5ea68886d95218646d11d3551a476d458df00778",
        "type": "github"
      },
      "original": {
        "owner": "nix-community",
        "repo": "nixos-facter-modules",
        "type": "github"
      }
    },
    "nixos-generators": {
      "inputs": {
        "nixlib": "nixlib",
        "nixpkgs": [
          "nixpkgs"
        ]
      },
      "locked": {
        "lastModified": 1764234087,
        "narHash": "sha256-NHF7QWa0ZPT8hsJrvijREW3+nifmF2rTXgS2v0tpcEA=",
        "owner": "nix-community",
        "repo": "nixos-generators",
        "rev": "032a1878682fafe829edfcf5fdfad635a2efe748",
        "type": "github"
      },
      "original": {
        "owner": "nix-community",
        "repo": "nixos-generators",
        "type": "github"
      }
    },
    "nixos-wsl": {
      "inputs": {
        "flake-compat": [],
        "nixpkgs": [
          "nixpkgs"
        ]
      },
      "locked": {
<<<<<<< HEAD
        "lastModified": 1764591717,
        "narHash": "sha256-T/HMA0Bb/O6UnlGQ0Xt+wGe1j8m7eyyQ5+vVcCJslsM=",
        "owner": "nix-community",
        "repo": "nixos-wsl",
        "rev": "84d1dab290feb4865d0cfcffc7aa0cf9bc65c3b7",
=======
        "lastModified": 1764730608,
        "narHash": "sha256-FxKIa3OCSRVC23qrk7VT68vExUcmSruJ8OobVlSWOxc=",
        "owner": "nix-community",
        "repo": "nixos-wsl",
        "rev": "10124c58674360765adcb38c9a8b081fb72904e4",
>>>>>>> ba1d4e1 (chore: update deps)
        "type": "github"
      },
      "original": {
        "owner": "nix-community",
        "repo": "nixos-wsl",
        "type": "github"
      }
    },
    "nixpkgs": {
      "locked": {
        "lastModified": 1764255304,
        "narHash": "sha256-oQPux8afXmkbb88ceRtz1lgSGqL9auOgdYnBSqpVgSA=",
        "owner": "NixOS",
        "repo": "nixpkgs",
        "rev": "6e86c955fc372d12face4a9c0d932a6e0f7bff4d",
        "type": "github"
      },
      "original": {
        "owner": "NixOS",
        "ref": "master",
        "repo": "nixpkgs",
        "type": "github"
      }
    },
    "nixpkgs-lib": {
      "locked": {
        "lastModified": 1764465291,
        "narHash": "sha256-jJ/E4B9Hp7U2ZmT3E0tD1LtAfATw/xjVf8sueNyeYmc=",
        "owner": "nix-community",
        "repo": "nixpkgs.lib",
        "rev": "e9537535ae8f4a2f78dbef0aaa0cbb6af4abd047",
        "type": "github"
      },
      "original": {
        "owner": "nix-community",
        "repo": "nixpkgs.lib",
        "type": "github"
      }
    },
    "nixpkgs_10": {
      "locked": {
        "lastModified": 1764517877,
        "narHash": "sha256-pp3uT4hHijIC8JUK5MEqeAWmParJrgBVzHLNfJDZxg4=",
        "owner": "NixOS",
        "repo": "nixpkgs",
        "rev": "2d293cbfa5a793b4c50d17c05ef9e385b90edf6c",
        "type": "github"
      },
      "original": {
        "owner": "NixOS",
        "ref": "nixos-unstable",
        "repo": "nixpkgs",
        "type": "github"
      }
    },
    "nixpkgs_2": {
      "locked": {
<<<<<<< HEAD
        "lastModified": 1764547213,
        "narHash": "sha256-pGXM6frMKLRJmeMcQ228O1QQBuNEUjzmWx9uBd+CbXM=",
        "owner": "nixos",
        "repo": "nixpkgs",
        "rev": "64de27c1c985895c1a9f92aaeaab4e6a4c0960f5",
=======
        "lastModified": 1764811743,
        "narHash": "sha256-Ypfd8oBuG3HWtzcY7VtYiI6Pawznag7YHWy8RoOfiBs=",
        "owner": "nixos",
        "repo": "nixpkgs",
        "rev": "4a6ebaabd716d6479b39fa234a8f895f0ec1cb88",
>>>>>>> ba1d4e1 (chore: update deps)
        "type": "github"
      },
      "original": {
        "owner": "nixos",
        "ref": "nixos-unstable-small",
        "repo": "nixpkgs",
        "type": "github"
      }
    },
    "nixpkgs_3": {
      "locked": {
        "lastModified": 1712608508,
        "narHash": "sha256-vMZ5603yU0wxgyQeHJryOI+O61yrX2AHwY6LOFyV1gM=",
        "owner": "nixos",
        "repo": "nixpkgs",
        "rev": "4cba8b53da471aea2ab2b0c1f30a81e7c451f4b6",
        "type": "github"
      },
      "original": {
        "owner": "nixos",
        "ref": "nixos-unstable",
        "repo": "nixpkgs",
        "type": "github"
      }
    },
    "nixpkgs_4": {
      "locked": {
<<<<<<< HEAD
        "lastModified": 1764618760,
        "narHash": "sha256-QTUgygkdUq4sq7mXoO2Q2IPpvkKOZtTAJkbTaTjMi0A=",
        "owner": "NixOS",
        "repo": "nixpkgs",
        "rev": "29a7d6eec7e1177020f62f7599e5021317219c37",
=======
        "lastModified": 1764856222,
        "narHash": "sha256-yEJmtoFu4cJre1NuU4fb8q57Oux+NTbocnALtJ64aEI=",
        "owner": "NixOS",
        "repo": "nixpkgs",
        "rev": "ece6e266caf1effab32eceef0403b797b4330373",
>>>>>>> ba1d4e1 (chore: update deps)
        "type": "github"
      },
      "original": {
        "owner": "NixOS",
        "ref": "master",
        "repo": "nixpkgs",
        "type": "github"
      }
    },
    "nixpkgs_5": {
      "locked": {
        "lastModified": 1764242076,
        "narHash": "sha256-sKoIWfnijJ0+9e4wRvIgm/HgE27bzwQxcEmo2J/gNpI=",
        "owner": "NixOS",
        "repo": "nixpkgs",
        "rev": "2fad6eac6077f03fe109c4d4eb171cf96791faa4",
        "type": "github"
      },
      "original": {
        "owner": "NixOS",
        "ref": "nixos-unstable",
        "repo": "nixpkgs",
        "type": "github"
      }
    },
    "nixpkgs_6": {
      "locked": {
        "lastModified": 1748929857,
        "narHash": "sha256-lcZQ8RhsmhsK8u7LIFsJhsLh/pzR9yZ8yqpTzyGdj+Q=",
        "owner": "nixos",
        "repo": "nixpkgs",
        "rev": "c2a03962b8e24e669fb37b7df10e7c79531ff1a4",
        "type": "github"
      },
      "original": {
        "owner": "nixos",
        "ref": "nixos-unstable",
        "repo": "nixpkgs",
        "type": "github"
      }
    },
    "nixpkgs_7": {
      "locked": {
<<<<<<< HEAD
        "lastModified": 1764517877,
        "narHash": "sha256-pp3uT4hHijIC8JUK5MEqeAWmParJrgBVzHLNfJDZxg4=",
        "owner": "nixos",
        "repo": "nixpkgs",
        "rev": "2d293cbfa5a793b4c50d17c05ef9e385b90edf6c",
=======
        "lastModified": 1764667669,
        "narHash": "sha256-7WUCZfmqLAssbDqwg9cUDAXrSoXN79eEEq17qhTNM/Y=",
        "owner": "nixos",
        "repo": "nixpkgs",
        "rev": "418468ac9527e799809c900eda37cbff999199b6",
>>>>>>> ba1d4e1 (chore: update deps)
        "type": "github"
      },
      "original": {
        "owner": "nixos",
        "ref": "nixos-unstable",
        "repo": "nixpkgs",
        "type": "github"
      }
    },
    "nixpkgs_8": {
      "locked": {
        "lastModified": 1761880412,
        "narHash": "sha256-QoJjGd4NstnyOG4mm4KXF+weBzA2AH/7gn1Pmpfcb0A=",
        "owner": "nixos",
        "repo": "nixpkgs",
        "rev": "a7fc11be66bdfb5cdde611ee5ce381c183da8386",
        "type": "github"
      },
      "original": {
        "owner": "nixos",
        "ref": "nixpkgs-unstable",
        "repo": "nixpkgs",
        "type": "github"
      }
    },
    "nixpkgs_9": {
      "locked": {
        "lastModified": 1764445028,
        "narHash": "sha256-ik6H/0Zl+qHYDKTXFPpzuVHSZE+uvVz2XQuQd1IVXzo=",
        "owner": "NixOS",
        "repo": "nixpkgs",
        "rev": "a09378c0108815dbf3961a0e085936f4146ec415",
        "type": "github"
      },
      "original": {
        "owner": "NixOS",
        "ref": "nixpkgs-unstable",
        "repo": "nixpkgs",
        "type": "github"
      }
    },
    "nur": {
      "inputs": {
        "flake-parts": [
          "stylix",
          "flake-parts"
        ],
        "nixpkgs": [
          "stylix",
          "nixpkgs"
        ]
      },
      "locked": {
        "lastModified": 1764773531,
        "narHash": "sha256-mCBl7MD1WZ7yCG6bR9MmpPO2VydpNkWFgnslJRIT1YU=",
        "owner": "nix-community",
        "repo": "NUR",
        "rev": "1d9616689e98beded059ad0384b9951e967a17fa",
        "type": "github"
      },
      "original": {
        "owner": "nix-community",
        "repo": "NUR",
        "type": "github"
      }
    },
    "nvf": {
      "inputs": {
        "flake-compat": "flake-compat_4",
        "flake-parts": "flake-parts_3",
        "mnw": "mnw",
        "nixpkgs": "nixpkgs_8",
        "systems": "systems_5"
      },
      "locked": {
        "lastModified": 1762622004,
        "narHash": "sha256-NpzzgaoMK8aRHnndHWbYNKLcZN0r1y6icCoJvGoBsoE=",
        "owner": "notashelf",
        "repo": "nvf",
        "rev": "09470524a214ed26633ddc2b6ec0c9bf31a8b909",
        "type": "github"
      },
      "original": {
        "owner": "notashelf",
        "repo": "nvf",
        "type": "github"
      }
    },
    "plasma-manager": {
      "inputs": {
        "home-manager": [
          "home-manager"
        ],
        "nixpkgs": [
          "nixpkgs"
        ]
      },
      "locked": {
        "lastModified": 1763909441,
        "narHash": "sha256-56LwV51TX/FhgX+5LCG6akQ5KrOWuKgcJa+eUsRMxsc=",
        "owner": "nix-community",
        "repo": "plasma-manager",
        "rev": "b24ed4b272256dfc1cc2291f89a9821d5f9e14b4",
        "type": "github"
      },
      "original": {
        "owner": "nix-community",
        "repo": "plasma-manager",
        "type": "github"
      }
    },
    "root": {
      "inputs": {
        "clan-core": "clan-core",
        "erosanix": "erosanix",
        "fenix": "fenix",
        "firefox": "firefox",
        "flux": "flux",
        "grub2-themes": "grub2-themes",
        "himmelblau": "himmelblau",
        "home-manager": "home-manager",
        "jovian": "jovian",
        "mydia": "mydia",
        "nix-minecraft": "nix-minecraft",
        "nixos-boot": "nixos-boot",
        "nixos-generators": "nixos-generators",
        "nixos-wsl": "nixos-wsl",
        "nixpkgs": "nixpkgs_7",
        "nvf": "nvf",
        "plasma-manager": "plasma-manager",
        "snowfall-lib": "snowfall-lib",
        "sops-nix": "sops-nix_2",
        "stylix": "stylix",
        "terranix": "terranix",
        "zen-browser": "zen-browser"
      }
    },
    "rust-analyzer-src": {
      "flake": false,
      "locked": {
<<<<<<< HEAD
        "lastModified": 1764525349,
        "narHash": "sha256-vR3vU9AwzMsBvjNeeG2inA5W/2MwseFk5NIIrLFEMHk=",
        "owner": "rust-lang",
        "repo": "rust-analyzer",
        "rev": "d646b23f000d099d845f999c2c1e05b15d9cdc78",
=======
        "lastModified": 1764778537,
        "narHash": "sha256-SNL+Fj1ZWiBqCrHJT1S9vMZujrWxCOmf3zkT66XSnhE=",
        "owner": "rust-lang",
        "repo": "rust-analyzer",
        "rev": "633cff25206d5108043d87617a43c9d04aa42c88",
>>>>>>> ba1d4e1 (chore: update deps)
        "type": "github"
      },
      "original": {
        "owner": "rust-lang",
        "ref": "nightly",
        "repo": "rust-analyzer",
        "type": "github"
      }
    },
    "rust-overlay": {
      "inputs": {
        "nixpkgs": [
          "himmelblau",
          "nixpkgs"
        ]
      },
      "locked": {
        "lastModified": 1759977258,
        "narHash": "sha256-hOxEFSEBoqDmJb7BGX1CzT1gvUPK6r+Qs+n3IxBgfTs=",
        "owner": "oxalica",
        "repo": "rust-overlay",
        "rev": "1d0c6173f57d07db7957b50e799240d4f2d7520f",
        "type": "github"
      },
      "original": {
        "owner": "oxalica",
        "repo": "rust-overlay",
        "type": "github"
      }
    },
    "snowfall-lib": {
      "inputs": {
        "flake-compat": "flake-compat_5",
        "flake-utils-plus": "flake-utils-plus",
        "nixpkgs": [
          "nixpkgs"
        ]
      },
      "locked": {
        "lastModified": 1736130495,
        "narHash": "sha256-4i9nAJEZFv7vZMmrE0YG55I3Ggrtfo5/T07JEpEZ/RM=",
        "owner": "snowfallorg",
        "repo": "lib",
        "rev": "02d941739f98a09e81f3d2d9b3ab08918958beac",
        "type": "github"
      },
      "original": {
        "owner": "snowfallorg",
        "repo": "lib",
        "type": "github"
      }
    },
    "sops-nix": {
      "inputs": {
        "nixpkgs": [
          "clan-core",
          "nixpkgs"
        ]
      },
      "locked": {
        "lastModified": 1764483358,
        "narHash": "sha256-EyyvCzXoHrbL467YSsQBTWWg4sR96MH1sPpKoSOelB4=",
        "owner": "Mic92",
        "repo": "sops-nix",
        "rev": "5aca6ff67264321d47856a2ed183729271107c9c",
        "type": "github"
      },
      "original": {
        "owner": "Mic92",
        "repo": "sops-nix",
        "type": "github"
      }
    },
    "sops-nix_2": {
      "inputs": {
        "nixpkgs": "nixpkgs_9"
      },
      "locked": {
        "lastModified": 1764483358,
        "narHash": "sha256-EyyvCzXoHrbL467YSsQBTWWg4sR96MH1sPpKoSOelB4=",
        "owner": "Mic92",
        "repo": "sops-nix",
        "rev": "5aca6ff67264321d47856a2ed183729271107c9c",
        "type": "github"
      },
      "original": {
        "owner": "Mic92",
        "repo": "sops-nix",
        "type": "github"
      }
    },
    "stylix": {
      "inputs": {
        "base16": "base16",
        "base16-fish": "base16-fish",
        "base16-helix": "base16-helix",
        "base16-vim": "base16-vim",
        "firefox-gnome-theme": "firefox-gnome-theme",
        "flake-parts": "flake-parts_4",
        "gnome-shell": "gnome-shell",
        "nixpkgs": "nixpkgs_10",
        "nur": "nur",
        "systems": "systems_7",
        "tinted-foot": "tinted-foot",
        "tinted-kitty": "tinted-kitty",
        "tinted-schemes": "tinted-schemes",
        "tinted-tmux": "tinted-tmux",
        "tinted-zed": "tinted-zed"
      },
      "locked": {
<<<<<<< HEAD
        "lastModified": 1764550443,
        "narHash": "sha256-ArO2V1YEHmEILilTj4KPtqF4gqc1q2HBrrrmygQ/UyU=",
        "owner": "nix-community",
        "repo": "stylix",
        "rev": "794b6e1fa75177ebfeb32967f135858a1ab1ba15",
=======
        "lastModified": 1764798099,
        "narHash": "sha256-IIwR5ZWo7tjxjRpkz0tViF9KFbQ1YXs9Wkan46WQbfk=",
        "owner": "nix-community",
        "repo": "stylix",
        "rev": "4b9e0e7ba3cccb86fe2bf0f4a2dd18256bef1cc6",
>>>>>>> ba1d4e1 (chore: update deps)
        "type": "github"
      },
      "original": {
        "owner": "nix-community",
        "repo": "stylix",
        "type": "github"
      }
    },
    "systems": {
      "locked": {
        "lastModified": 1681028828,
        "narHash": "sha256-Vy1rq5AaRuLzOxct8nz4T6wlgyUR7zLU309k9mBC768=",
        "owner": "nix-systems",
        "repo": "default",
        "rev": "da67096a3b9bf56a91d16901293e51ba5b49a27e",
        "type": "github"
      },
      "original": {
        "owner": "nix-systems",
        "repo": "default",
        "type": "github"
      }
    },
    "systems_2": {
      "locked": {
        "lastModified": 1681028828,
        "narHash": "sha256-Vy1rq5AaRuLzOxct8nz4T6wlgyUR7zLU309k9mBC768=",
        "owner": "nix-systems",
        "repo": "default",
        "rev": "da67096a3b9bf56a91d16901293e51ba5b49a27e",
        "type": "github"
      },
      "original": {
        "owner": "nix-systems",
        "repo": "default",
        "type": "github"
      }
    },
    "systems_3": {
      "locked": {
        "lastModified": 1681028828,
        "narHash": "sha256-Vy1rq5AaRuLzOxct8nz4T6wlgyUR7zLU309k9mBC768=",
        "owner": "nix-systems",
        "repo": "default",
        "rev": "da67096a3b9bf56a91d16901293e51ba5b49a27e",
        "type": "github"
      },
      "original": {
        "owner": "nix-systems",
        "repo": "default",
        "type": "github"
      }
    },
    "systems_4": {
      "locked": {
        "lastModified": 1681028828,
        "narHash": "sha256-Vy1rq5AaRuLzOxct8nz4T6wlgyUR7zLU309k9mBC768=",
        "owner": "nix-systems",
        "repo": "default",
        "rev": "da67096a3b9bf56a91d16901293e51ba5b49a27e",
        "type": "github"
      },
      "original": {
        "owner": "nix-systems",
        "repo": "default",
        "type": "github"
      }
    },
    "systems_5": {
      "locked": {
        "lastModified": 1681028828,
        "narHash": "sha256-Vy1rq5AaRuLzOxct8nz4T6wlgyUR7zLU309k9mBC768=",
        "owner": "nix-systems",
        "repo": "default",
        "rev": "da67096a3b9bf56a91d16901293e51ba5b49a27e",
        "type": "github"
      },
      "original": {
        "owner": "nix-systems",
        "repo": "default",
        "type": "github"
      }
    },
    "systems_6": {
      "locked": {
        "lastModified": 1681028828,
        "narHash": "sha256-Vy1rq5AaRuLzOxct8nz4T6wlgyUR7zLU309k9mBC768=",
        "owner": "nix-systems",
        "repo": "default",
        "rev": "da67096a3b9bf56a91d16901293e51ba5b49a27e",
        "type": "github"
      },
      "original": {
        "owner": "nix-systems",
        "repo": "default",
        "type": "github"
      }
    },
    "systems_7": {
      "locked": {
        "lastModified": 1681028828,
        "narHash": "sha256-Vy1rq5AaRuLzOxct8nz4T6wlgyUR7zLU309k9mBC768=",
        "owner": "nix-systems",
        "repo": "default",
        "rev": "da67096a3b9bf56a91d16901293e51ba5b49a27e",
        "type": "github"
      },
      "original": {
        "owner": "nix-systems",
        "repo": "default",
        "type": "github"
      }
    },
    "systems_8": {
      "locked": {
        "lastModified": 1681028828,
        "narHash": "sha256-Vy1rq5AaRuLzOxct8nz4T6wlgyUR7zLU309k9mBC768=",
        "owner": "nix-systems",
        "repo": "default",
        "rev": "da67096a3b9bf56a91d16901293e51ba5b49a27e",
        "type": "github"
      },
      "original": {
        "owner": "nix-systems",
        "repo": "default",
        "type": "github"
      }
    },
    "terranix": {
      "inputs": {
        "flake-parts": "flake-parts_5",
        "nixpkgs": [
          "nixpkgs"
        ],
        "systems": "systems_8"
      },
      "locked": {
        "lastModified": 1762472226,
        "narHash": "sha256-iVS4sxVgGn+T74rGJjEJbzx+kjsuaP3wdQVXBNJ79A0=",
        "owner": "terranix",
        "repo": "terranix",
        "rev": "3b5947a48da5694094b301a3b1ef7b22ec8b19fc",
        "type": "github"
      },
      "original": {
        "owner": "terranix",
        "repo": "terranix",
        "type": "github"
      }
    },
    "tinted-foot": {
      "flake": false,
      "locked": {
        "lastModified": 1726913040,
        "narHash": "sha256-+eDZPkw7efMNUf3/Pv0EmsidqdwNJ1TaOum6k7lngDQ=",
        "owner": "tinted-theming",
        "repo": "tinted-foot",
        "rev": "fd1b924b6c45c3e4465e8a849e67ea82933fcbe4",
        "type": "github"
      },
      "original": {
        "owner": "tinted-theming",
        "repo": "tinted-foot",
        "rev": "fd1b924b6c45c3e4465e8a849e67ea82933fcbe4",
        "type": "github"
      }
    },
    "tinted-kitty": {
      "flake": false,
      "locked": {
        "lastModified": 1735730497,
        "narHash": "sha256-4KtB+FiUzIeK/4aHCKce3V9HwRvYaxX+F1edUrfgzb8=",
        "owner": "tinted-theming",
        "repo": "tinted-kitty",
        "rev": "de6f888497f2c6b2279361bfc790f164bfd0f3fa",
        "type": "github"
      },
      "original": {
        "owner": "tinted-theming",
        "repo": "tinted-kitty",
        "type": "github"
      }
    },
    "tinted-schemes": {
      "flake": false,
      "locked": {
        "lastModified": 1763914658,
        "narHash": "sha256-Hju0WtMf3iForxtOwXqGp3Ynipo0EYx1AqMKLPp9BJw=",
        "owner": "tinted-theming",
        "repo": "schemes",
        "rev": "0f6be815d258e435c9b137befe5ef4ff24bea32c",
        "type": "github"
      },
      "original": {
        "owner": "tinted-theming",
        "repo": "schemes",
        "type": "github"
      }
    },
    "tinted-tmux": {
      "flake": false,
      "locked": {
        "lastModified": 1764465359,
        "narHash": "sha256-lbSVPqLEk2SqMrnpvWuKYGCaAlfWFMA6MVmcOFJjdjE=",
        "owner": "tinted-theming",
        "repo": "tinted-tmux",
        "rev": "edf89a780e239263cc691a987721f786ddc4f6aa",
        "type": "github"
      },
      "original": {
        "owner": "tinted-theming",
        "repo": "tinted-tmux",
        "type": "github"
      }
    },
    "tinted-zed": {
      "flake": false,
      "locked": {
        "lastModified": 1764464512,
        "narHash": "sha256-rCD/pAhkMdCx6blsFwxIyvBJbPZZ1oL2sVFrH07lmqg=",
        "owner": "tinted-theming",
        "repo": "base16-zed",
        "rev": "907dbba5fb8cf69ebfd90b00813418a412d0a29a",
        "type": "github"
      },
      "original": {
        "owner": "tinted-theming",
        "repo": "base16-zed",
        "type": "github"
      }
    },
    "treefmt-nix": {
      "inputs": {
        "nixpkgs": [
          "clan-core",
          "nixpkgs"
        ]
      },
      "locked": {
        "lastModified": 1762938485,
        "narHash": "sha256-AlEObg0syDl+Spi4LsZIBrjw+snSVU4T8MOeuZJUJjM=",
        "owner": "numtide",
        "repo": "treefmt-nix",
        "rev": "5b4ee75aeefd1e2d5a1cc43cf6ba65eba75e83e4",
        "type": "github"
      },
      "original": {
        "owner": "numtide",
        "repo": "treefmt-nix",
        "type": "github"
      }
    },
    "zen-browser": {
      "inputs": {
        "home-manager": "home-manager_2",
        "nixpkgs": [
          "nixpkgs"
        ]
      },
      "locked": {
<<<<<<< HEAD
        "lastModified": 1764598958,
        "narHash": "sha256-sJQHRL8trBoG/ArR+mUlyp5cyKU0pgQY+qDQzZGnVgM=",
        "owner": "0xc000022070",
        "repo": "zen-browser-flake",
        "rev": "8cded25e10b13e2999241f1c73a7d4e5e5d6f69e",
=======
        "lastModified": 1764825646,
        "narHash": "sha256-QkKEkj3GXpkPxJz9S1RgaMlxstkyaj5IKVWvxIbtC8w=",
        "owner": "0xc000022070",
        "repo": "zen-browser-flake",
        "rev": "8c9284cc227a5c7cd8f1e1fa7a6882b0907187c8",
>>>>>>> ba1d4e1 (chore: update deps)
        "type": "github"
      },
      "original": {
        "owner": "0xc000022070",
        "repo": "zen-browser-flake",
        "type": "github"
      }
    }
  },
  "root": "root",
  "version": 7
}
