{
  "lockfileVersion": 1,
  "workspaces": {
    "": {
      "name": "mydia-assets",
      "dependencies": {
        "alpinejs": "^3.15.1",
        "hls.js": "^1.5.15",
        "phoenix": "file:../deps/phoenix",
        "phoenix_html": "file:../deps/phoenix_html",
        "phoenix_live_view": "file:../deps/phoenix_live_view",
      },
      "devDependencies": {
        "@catppuccin/daisyui": "^2.1.1",
        "@playwright/test": "^1.56.1",
        "@tailwindcss/forms": "^0.5.7",
        "@types/node": "^24.10.1",
        "autoprefixer": "^10.4.16",
        "daisyui": "^5.4.3",
        "postcss": "^8.4.32",
        "tailwindcss": "^4.0.0",
        "typescript": "^5.9.3",
      },
    },
  },
  "packages": {
    "@catppuccin/daisyui": ["@catppuccin/daisyui@2.1.1", "", { "dependencies": { "@catppuccin/palette": "^1.7.1" }, "peerDependencies": { "tailwindcss": "^4.0.17" } }, "sha512-PrZttjj8kwfDBJ34sR+DN25Xtjvxx4T5p8uu/iiGYZR8UOsNwzMlO/alYDBwwTOLzP1NKLNRax09kCT39+QM+A=="],

    "@catppuccin/palette": ["@catppuccin/palette@1.7.1", "", {}, "sha512-aRc1tbzrevOTV7nFTT9SRdF26w/MIwT4Jwt4fDMc9itRZUDXCuEDBLyz4TQMlqO9ZP8mf5Hu4Jr6D03NLFc6Gw=="],

    "@playwright/test": ["@playwright/test@1.56.1", "", { "dependencies": { "playwright": "1.56.1" }, "bin": { "playwright": "cli.js" } }, "sha512-vSMYtL/zOcFpvJCW71Q/OEGQb7KYBPAdKh35WNSkaZA75JlAO8ED8UN6GUNTm3drWomcbcqRPFqQbLae8yBTdg=="],

    "@tailwindcss/forms": ["@tailwindcss/forms@0.5.10", "", { "dependencies": { "mini-svg-data-uri": "^1.2.3" }, "peerDependencies": { "tailwindcss": ">=3.0.0 || >= 3.0.0-alpha.1 || >= 4.0.0-alpha.20 || >= 4.0.0-beta.1" } }, "sha512-utI1ONF6uf/pPNO68kmN1b8rEwNXv3czukalo8VtJH8ksIkZXr3Q3VYudZLkCsDd4Wku120uF02hYK25XGPorw=="],

    "@types/node": ["@types/node@24.10.1", "", { "dependencies": { "undici-types": "~7.16.0" } }, "sha512-GNWcUTRBgIRJD5zj+Tq0fKOJ5XZajIiBroOF0yvj2bSU1WvNdYS/dn9UxwsujGW4JX06dnHyjV2y9rRaybH0iQ=="],

    "@vue/reactivity": ["@vue/reactivity@3.1.5", "", { "dependencies": { "@vue/shared": "3.1.5" } }, "sha512-1tdfLmNjWG6t/CsPldh+foumYFo3cpyCHgBYQ34ylaMsJ+SNHQ1kApMIa8jN+i593zQuaw3AdWH0nJTARzCFhg=="],

    "@vue/shared": ["@vue/shared@3.1.5", "", {}, "sha512-oJ4F3TnvpXaQwZJNF3ZK+kLPHKarDmJjJ6jyzVNDKH9md1dptjC7lWR//jrGuLdek/U6iltWxqAnYOu8gCiOvA=="],

    "alpinejs": ["alpinejs@3.15.1", "", { "dependencies": { "@vue/reactivity": "~3.1.1" } }, "sha512-HLO1TtiE92VajFHtLLPK8BWaK1YepV/uj31UrfoGnQ00lyFOJZ+oVY3F0DghPAwvg8sLU79pmjGQSytERa2gEg=="],

    "autoprefixer": ["autoprefixer@10.4.21", "", { "dependencies": { "browserslist": "^4.24.4", "caniuse-lite": "^1.0.30001702", "fraction.js": "^4.3.7", "normalize-range": "^0.1.2", "picocolors": "^1.1.1", "postcss-value-parser": "^4.2.0" }, "peerDependencies": { "postcss": "^8.1.0" }, "bin": "bin/autoprefixer" }, "sha512-O+A6LWV5LDHSJD3LjHYoNi4VLsj/Whi7k6zG12xTYaU4cQ8oxQGckXNX8cRHK5yOZ/ppVHe0ZBXGzSV9jXdVbQ=="],

    "baseline-browser-mapping": ["baseline-browser-mapping@2.8.23", "", { "bin": "dist/cli.js" }, "sha512-616V5YX4bepJFzNyOfce5Fa8fDJMfoxzOIzDCZwaGL8MKVpFrXqfNUoIpRn9YMI5pXf/VKgzjB4htFMsFKKdiQ=="],

    "browserslist": ["browserslist@4.27.0", "", { "dependencies": { "baseline-browser-mapping": "^2.8.19", "caniuse-lite": "^1.0.30001751", "electron-to-chromium": "^1.5.238", "node-releases": "^2.0.26", "update-browserslist-db": "^1.1.4" }, "bin": "cli.js" }, "sha512-AXVQwdhot1eqLihwasPElhX2tAZiBjWdJ9i/Zcj2S6QYIjkx62OKSfnobkriB81C3l4w0rVy3Nt4jaTBltYEpw=="],

    "caniuse-lite": ["caniuse-lite@1.0.30001753", "", {}, "sha512-Bj5H35MD/ebaOV4iDLqPEtiliTN29qkGtEHCwawWn4cYm+bPJM2NsaP30vtZcnERClMzp52J4+aw2UNbK4o+zw=="],

    "daisyui": ["daisyui@5.4.3", "", {}, "sha512-dfDCJnN4utErGoWfElgdEE252FtfHV9Mxj5Dq1+JzUq3nVkluWdF3JYykP0Xy/y/yArnPXYztO1tLNCow3kjmg=="],

    "electron-to-chromium": ["electron-to-chromium@1.5.244", "", {}, "sha512-OszpBN7xZX4vWMPJwB9illkN/znA8M36GQqQxi6MNy9axWxhOfJyZZJtSLQCpEFLHP2xK33BiWx9aIuIEXVCcw=="],

    "escalade": ["escalade@3.2.0", "", {}, "sha512-WUj2qlxaQtO4g6Pq5c29GTcWGDyd8itL8zTlipgECz3JesAiiOKotd8JU6otB3PACgG6xkJUyVhboMS+bje/jA=="],

    "fraction.js": ["fraction.js@4.3.7", "", {}, "sha512-ZsDfxO51wGAXREY55a7la9LScWpwv9RxIrYABrlvOFBlH/ShPnrtsXeuUIfXKKOVicNxQ+o8JTbJvjS4M89yew=="],

    "fsevents": ["fsevents@2.3.2", "", { "os": "darwin" }, "sha512-xiqMQR4xAeHTuB9uWm+fFRcIOgKBMiOBP+eXiyT7jsgVCq1bkVygt00oASowB7EdtpOHaaPgKt812P9ab+DDKA=="],

    "hls.js": ["hls.js@1.6.14", "", {}, "sha512-CSpT2aXsv71HST8C5ETeVo+6YybqCpHBiYrCRQSn3U5QUZuLTSsvtq/bj+zuvjLVADeKxoebzo16OkH8m1+65Q=="],

    "mini-svg-data-uri": ["mini-svg-data-uri@1.4.4", "", { "bin": "cli.js" }, "sha512-r9deDe9p5FJUPZAk3A59wGH7Ii9YrjjWw0jmw/liSbHl2CHiyXj6FcDXDu2K3TjVAXqiJdaw3xxwlZZr9E6nHg=="],

    "nanoid": ["nanoid@3.3.11", "", { "bin": "bin/nanoid.cjs" }, "sha512-N8SpfPUnUp1bK+PMYW8qSWdl9U+wwNWI4QKxOYDy9JAro3WMX7p2OeVRF9v+347pnakNevPmiHhNmZ2HbFA76w=="],

    "node-releases": ["node-releases@2.0.27", "", {}, "sha512-nmh3lCkYZ3grZvqcCH+fjmQ7X+H0OeZgP40OierEaAptX4XofMh5kwNbWh7lBduUzCcV/8kZ+NDLCwm2iorIlA=="],

    "normalize-range": ["normalize-range@0.1.2", "", {}, "sha512-bdok/XvKII3nUpklnV6P2hxtMNrCboOjAcyBuQnWEhO665FwrSNRxU+AqpsyvO6LgGYPspN+lu5CLtw4jPRKNA=="],

    "phoenix": ["/phoenix@file:../deps/phoenix", {}],

    "phoenix_html": ["/phoenix_html@file:../deps/phoenix_html", {}],

    "phoenix_live_view": ["/phoenix_live_view@file:../deps/phoenix_live_view", { "devDependencies": { "@playwright/test": "^1.56.1", "phoenix": "1.7.21", "typescript": "^5.8.3" } }],

    "picocolors": ["picocolors@1.1.1", "", {}, "sha512-xceH2snhtb5M9liqDsmEw56le376mTZkEX/jEb/RxNFyegNul7eNslCXP9FDj/Lcu0X8KEyMceP2ntpaHrDEVA=="],

    "playwright": ["playwright@1.56.1", "", { "dependencies": { "playwright-core": "1.56.1" }, "optionalDependencies": { "fsevents": "2.3.2" }, "bin": "cli.js" }, "sha512-aFi5B0WovBHTEvpM3DzXTUaeN6eN0qWnTkKx4NQaH4Wvcmc153PdaY2UBdSYKaGYw+UyWXSVyxDUg5DoPEttjw=="],

    "playwright-core": ["playwright-core@1.56.1", "", { "bin": "cli.js" }, "sha512-hutraynyn31F+Bifme+Ps9Vq59hKuUCz7H1kDOcBs+2oGguKkWTU50bBWrtz34OUWmIwpBTWDxaRPXrIXkgvmQ=="],

    "postcss": ["postcss@8.5.6", "", { "dependencies": { "nanoid": "^3.3.11", "picocolors": "^1.1.1", "source-map-js": "^1.2.1" } }, "sha512-3Ybi1tAuwAP9s0r1UQ2J4n5Y0G05bJkpUIO0/bI9MhwmD70S5aTWbXGBwxHrelT+XM1k6dM0pk+SwNkpTRN7Pg=="],

    "postcss-value-parser": ["postcss-value-parser@4.2.0", "", {}, "sha512-1NNCs6uurfkVbeXG4S8JFT9t19m45ICnif8zWLd5oPSZ50QnwMfK+H3jv408d4jw/7Bttv5axS5IiHoLaVNHeQ=="],

    "source-map-js": ["source-map-js@1.2.1", "", {}, "sha512-UXWMKhLOwVKb728IUtQPXxfYU+usdybtUrK/8uGE8CQMvrhOpwvzDBwj0QhSL7MQc7vIsISBG8VQ8+IDQxpfQA=="],

    "tailwindcss": ["tailwindcss@4.1.16", "", {}, "sha512-pONL5awpaQX4LN5eiv7moSiSPd/DLDzKVRJz8Q9PgzmAdd1R4307GQS2ZpfiN7ZmekdQrfhZZiSE5jkLR4WNaA=="],

    "typescript": ["typescript@5.9.3", "", { "bin": { "tsc": "bin/tsc", "tsserver": "bin/tsserver" } }, "sha512-jl1vZzPDinLr9eUt3J/t7V6FgNEw9QjvBPdysz9KfQDD41fQrC2Y4vKQdiaUpFT4bXlb1RHhLpp8wtm6M5TgSw=="],

    "undici-types": ["undici-types@7.16.0", "", {}, "sha512-Zz+aZWSj8LE6zoxD+xrjh4VfkIG8Ya6LvYkZqtUQGJPZjYl53ypCaUwWqo7eI0x66KBGeRo+mlBEkMSeSZ38Nw=="],

    "update-browserslist-db": ["update-browserslist-db@1.1.4", "", { "dependencies": { "escalade": "^3.2.0", "picocolors": "^1.1.1" }, "peerDependencies": { "browserslist": ">= 4.21.0" }, "bin": "cli.js" }, "sha512-q0SPT4xyU84saUX+tomz1WLkxUbuaJnR1xWt17M7fJtEJigJeWUNGUqrauFXsHnqev9y9JTRGwk13tFBuKby4A=="],

    "phoenix_live_view/phoenix": ["/phoenix@file:../deps/phoenix", {}],
  }
}
